
Microsoft Visual Studio Solution File, Format Version 12.00
# Visual Studio 15
VisualStudioVersion = 15.0.27703.2042
MinimumVisualStudioVersion = 10.0.40219.1
Project("{8BC9CEB8-8B4A-11D0-8D11-00A0C91BC942}") = "Project4", "Project4\Project4.vcxproj", "{1894196C-6FED-4B8F-96B4-064016DB4888}"
EndProject
Global
	GlobalSection(SolutionConfigurationPlatforms) = preSolution
		Debug|x64 = Debug|x64
		Debug|x86 = Debug|x86
		Release|x64 = Release|x64
		Release|x86 = Release|x86
	EndGlobalSection
	GlobalSection(ProjectConfigurationPlatforms) = postSolution
		{1894196C-6FED-4B8F-96B4-064016DB4888}.Debug|x64.ActiveCfg = Debug|x64
		{1894196C-6FED-4B8F-96B4-064016DB4888}.Debug|x64.Build.0 = Debug|x64
		{1894196C-6FED-4B8F-96B4-064016DB4888}.Debug|x86.ActiveCfg = Debug|Win32
		{1894196C-6FED-4B8F-96B4-064016DB4888}.Debug|x86.Build.0 = Debug|Win32
		{1894196C-6FED-4B8F-96B4-064016DB4888}.Release|x64.ActiveCfg = Release|x64
		{1894196C-6FED-4B8F-96B4-064016DB4888}.Release|x64.Build.0 = Release|x64
		{1894196C-6FED-4B8F-96B4-064016DB4888}.Release|x86.ActiveCfg = Release|Win32
		{1894196C-6FED-4B8F-96B4-064016DB4888}.Release|x86.Build.0 = Release|Win32
	EndGlobalSection
	GlobalSection(SolutionProperties) = preSolution
		HideSolutionNode = FALSE
	EndGlobalSection
	GlobalSection(ExtensibilityGlobals) = postSolution
		SolutionGuid = {0E8DC82A-8F89-4E62-AAA7-6B949C028A27}
	EndGlobalSection
EndGlobal
